
Microsoft Visual Studio Solution File, Format Version 12.00
# Visual Studio 15
Project("{FAE04EC0-301F-11D3-BF4B-00C04F79EFBC}") = "Lab2_PerimeterArea", "Lab2_PerimeterArea\Lab2_PerimeterArea.csproj", "{AFAAFC79-D5B9-45A9-8480-9AE49E6B198A}"
EndProject
Global
	GlobalSection(SolutionConfigurationPlatforms) = preSolution
		Debug|Any CPU = Debug|Any CPU
		Release|Any CPU = Release|Any CPU
	EndGlobalSection
	GlobalSection(ProjectConfigurationPlatforms) = postSolution
		{AFAAFC79-D5B9-45A9-8480-9AE49E6B198A}.Debug|Any CPU.ActiveCfg = Debug|Any CPU
		{AFAAFC79-D5B9-45A9-8480-9AE49E6B198A}.Debug|Any CPU.Build.0 = Debug|Any CPU
		{AFAAFC79-D5B9-45A9-8480-9AE49E6B198A}.Release|Any CPU.ActiveCfg = Release|Any CPU
		{AFAAFC79-D5B9-45A9-8480-9AE49E6B198A}.Release|Any CPU.Build.0 = Release|Any CPU
	EndGlobalSection
EndGlobal
